
Microsoft Visual Studio Solution File, Format Version 12.00
# Visual Studio Version 17
VisualStudioVersion = 17.14.36109.1 d17.14
MinimumVisualStudioVersion = 10.0.40219.1
Project("{54A90642-561A-4BB1-A94E-469ADEE60C69}") = "myusercenter.client", "myusercenter.client\myusercenter.client.esproj", "{88DA3A32-6BBD-22F9-A2D4-B8E6F71982BC}"
EndProject
Project("{FAE04EC0-301F-11D3-BF4B-00C04F79EFBC}") = "MyUserCenter.Server", "MyUserCenter.Server\MyUserCenter.Server.csproj", "{D0F9E2D2-8062-47AE-8A5F-EDDC74144451}"
EndProject
Project("{FAE04EC0-301F-11D3-BF4B-00C04F79EFBC}") = "MyUserCenter.Domain", "MyUserCenter.Domain\MyUserCenter.Domain.csproj", "{95258505-9DD8-49C5-AC1D-5569A94F159E}"
EndProject
Project("{FAE04EC0-301F-11D3-BF4B-00C04F79EFBC}") = "MyUserCenter.EFCore", "MyUserCenter.EFCore\MyUserCenter.EFCore.csproj", "{9EBCA9C9-FEB7-43A2-969E-A264664ADFC1}"
EndProject
Project("{FAE04EC0-301F-11D3-BF4B-00C04F79EFBC}") = "MyUserCenter.Service", "MyUserCenter.Service\MyUserCenter.Service.csproj", "{B4499B51-76F5-4DED-932D-2F83EC74FAA3}"
EndProject
Global
	GlobalSection(SolutionConfigurationPlatforms) = preSolution
		Debug|Any CPU = Debug|Any CPU
		Release|Any CPU = Release|Any CPU
	EndGlobalSection
	GlobalSection(ProjectConfigurationPlatforms) = postSolution
		{88DA3A32-6BBD-22F9-A2D4-B8E6F71982BC}.Debug|Any CPU.ActiveCfg = Debug|Any CPU
		{88DA3A32-6BBD-22F9-A2D4-B8E6F71982BC}.Debug|Any CPU.Build.0 = Debug|Any CPU
		{88DA3A32-6BBD-22F9-A2D4-B8E6F71982BC}.Debug|Any CPU.Deploy.0 = Debug|Any CPU
		{88DA3A32-6BBD-22F9-A2D4-B8E6F71982BC}.Release|Any CPU.ActiveCfg = Release|Any CPU
		{88DA3A32-6BBD-22F9-A2D4-B8E6F71982BC}.Release|Any CPU.Build.0 = Release|Any CPU
		{88DA3A32-6BBD-22F9-A2D4-B8E6F71982BC}.Release|Any CPU.Deploy.0 = Release|Any CPU
		{D0F9E2D2-8062-47AE-8A5F-EDDC74144451}.Debug|Any CPU.ActiveCfg = Debug|Any CPU
		{D0F9E2D2-8062-47AE-8A5F-EDDC74144451}.Debug|Any CPU.Build.0 = Debug|Any CPU
		{D0F9E2D2-8062-47AE-8A5F-EDDC74144451}.Release|Any CPU.ActiveCfg = Release|Any CPU
		{D0F9E2D2-8062-47AE-8A5F-EDDC74144451}.Release|Any CPU.Build.0 = Release|Any CPU
		{95258505-9DD8-49C5-AC1D-5569A94F159E}.Debug|Any CPU.ActiveCfg = Debug|Any CPU
		{95258505-9DD8-49C5-AC1D-5569A94F159E}.Debug|Any CPU.Build.0 = Debug|Any CPU
		{95258505-9DD8-49C5-AC1D-5569A94F159E}.Release|Any CPU.ActiveCfg = Release|Any CPU
		{95258505-9DD8-49C5-AC1D-5569A94F159E}.Release|Any CPU.Build.0 = Release|Any CPU
		{9EBCA9C9-FEB7-43A2-969E-A264664ADFC1}.Debug|Any CPU.ActiveCfg = Debug|Any CPU
		{9EBCA9C9-FEB7-43A2-969E-A264664ADFC1}.Debug|Any CPU.Build.0 = Debug|Any CPU
		{9EBCA9C9-FEB7-43A2-969E-A264664ADFC1}.Release|Any CPU.ActiveCfg = Release|Any CPU
		{9EBCA9C9-FEB7-43A2-969E-A264664ADFC1}.Release|Any CPU.Build.0 = Release|Any CPU
		{B4499B51-76F5-4DED-932D-2F83EC74FAA3}.Debug|Any CPU.ActiveCfg = Debug|Any CPU
		{B4499B51-76F5-4DED-932D-2F83EC74FAA3}.Debug|Any CPU.Build.0 = Debug|Any CPU
		{B4499B51-76F5-4DED-932D-2F83EC74FAA3}.Release|Any CPU.ActiveCfg = Release|Any CPU
		{B4499B51-76F5-4DED-932D-2F83EC74FAA3}.Release|Any CPU.Build.0 = Release|Any CPU
	EndGlobalSection
	GlobalSection(SolutionProperties) = preSolution
		HideSolutionNode = FALSE
	EndGlobalSection
	GlobalSection(ExtensibilityGlobals) = postSolution
		SolutionGuid = {BC452F30-CDA6-446D-96FC-57E29A39454B}
	EndGlobalSection
EndGlobal
